
Microsoft Visual Studio Solution File, Format Version 12.00
# Visual Studio 14
VisualStudioVersion = 14.0.25420.1
MinimumVisualStudioVersion = 10.0.40219.1
Project("{FAE04EC0-301F-11D3-BF4B-00C04F79EFBC}") = "Audio Spectrum", "Audio Spectrum\Audio Spectrum.csproj", "{F677DE33-D58B-49DB-BFCD-0ADC4EEC3EC6}"
EndProject
Project("{6141683F-8A12-4E36-9623-2EB02B2C2303}") = "Setup1", "Setup1\Setup1.isproj", "{D30D82E2-0AF4-43AD-BEF9-48B8AB7A0191}"
EndProject
Global
	GlobalSection(SolutionConfigurationPlatforms) = preSolution
		CD_ROM|x86 = CD_ROM|x86
		Debug|x86 = Debug|x86
		DVD-5|x86 = DVD-5|x86
		Release|x86 = Release|x86
		SingleImage|x86 = SingleImage|x86
	EndGlobalSection
	GlobalSection(ProjectConfigurationPlatforms) = postSolution
		{F677DE33-D58B-49DB-BFCD-0ADC4EEC3EC6}.CD_ROM|x86.ActiveCfg = Release|x86
		{F677DE33-D58B-49DB-BFCD-0ADC4EEC3EC6}.CD_ROM|x86.Build.0 = Release|x86
		{F677DE33-D58B-49DB-BFCD-0ADC4EEC3EC6}.Debug|x86.ActiveCfg = Debug|x86
		{F677DE33-D58B-49DB-BFCD-0ADC4EEC3EC6}.Debug|x86.Build.0 = Debug|x86
		{F677DE33-D58B-49DB-BFCD-0ADC4EEC3EC6}.DVD-5|x86.ActiveCfg = Debug|x86
		{F677DE33-D58B-49DB-BFCD-0ADC4EEC3EC6}.DVD-5|x86.Build.0 = Debug|x86
		{F677DE33-D58B-49DB-BFCD-0ADC4EEC3EC6}.Release|x86.ActiveCfg = Release|x86
		{F677DE33-D58B-49DB-BFCD-0ADC4EEC3EC6}.Release|x86.Build.0 = Release|x86
		{F677DE33-D58B-49DB-BFCD-0ADC4EEC3EC6}.SingleImage|x86.ActiveCfg = Release|x86
		{F677DE33-D58B-49DB-BFCD-0ADC4EEC3EC6}.SingleImage|x86.Build.0 = Release|x86
		{D30D82E2-0AF4-43AD-BEF9-48B8AB7A0191}.CD_ROM|x86.ActiveCfg = CD_ROM
		{D30D82E2-0AF4-43AD-BEF9-48B8AB7A0191}.CD_ROM|x86.Build.0 = CD_ROM
		{D30D82E2-0AF4-43AD-BEF9-48B8AB7A0191}.Debug|x86.ActiveCfg = DVD-5
		{D30D82E2-0AF4-43AD-BEF9-48B8AB7A0191}.Debug|x86.Build.0 = DVD-5
		{D30D82E2-0AF4-43AD-BEF9-48B8AB7A0191}.DVD-5|x86.ActiveCfg = DVD-5
		{D30D82E2-0AF4-43AD-BEF9-48B8AB7A0191}.DVD-5|x86.Build.0 = DVD-5
		{D30D82E2-0AF4-43AD-BEF9-48B8AB7A0191}.Release|x86.ActiveCfg = SingleImage
		{D30D82E2-0AF4-43AD-BEF9-48B8AB7A0191}.Release|x86.Build.0 = SingleImage
		{D30D82E2-0AF4-43AD-BEF9-48B8AB7A0191}.SingleImage|x86.ActiveCfg = SingleImage
		{D30D82E2-0AF4-43AD-BEF9-48B8AB7A0191}.SingleImage|x86.Build.0 = SingleImage
	EndGlobalSection
	GlobalSection(SolutionProperties) = preSolution
		HideSolutionNode = FALSE
	EndGlobalSection
EndGlobal
